
Microsoft Visual Studio Solution File, Format Version 12.00
# Visual Studio Version 16
VisualStudioVersion = 16.0.31729.503
MinimumVisualStudioVersion = 10.0.40219.1
Project("{9092AA53-FB77-4645-B42D-1CCCA6BD08BD}") = "demonodejs", "demonodejs\demonodejs.njsproj", "{2F6223E7-DDCB-47BC-96C9-079362434E29}"
EndProject
Global
	GlobalSection(SolutionConfigurationPlatforms) = preSolution
		Debug|Any CPU = Debug|Any CPU
		Release|Any CPU = Release|Any CPU
	EndGlobalSection
	GlobalSection(ProjectConfigurationPlatforms) = postSolution
		{2F6223E7-DDCB-47BC-96C9-079362434E29}.Debug|Any CPU.ActiveCfg = Debug|Any CPU
		{2F6223E7-DDCB-47BC-96C9-079362434E29}.Debug|Any CPU.Build.0 = Debug|Any CPU
		{2F6223E7-DDCB-47BC-96C9-079362434E29}.Release|Any CPU.ActiveCfg = Release|Any CPU
		{2F6223E7-DDCB-47BC-96C9-079362434E29}.Release|Any CPU.Build.0 = Release|Any CPU
	EndGlobalSection
	GlobalSection(SolutionProperties) = preSolution
		HideSolutionNode = FALSE
	EndGlobalSection
	GlobalSection(ExtensibilityGlobals) = postSolution
		SolutionGuid = {9EFD360D-BB1D-4A45-B677-0170884928D3}
	EndGlobalSection
EndGlobal
